// !$*UTF8*$!
{
	archiveVersion = 1;
	classes = {
	};
	objectVersion = 46;
	objects = {

/* Begin PBXBuildFile section */
		F442861F188B5FD900C060B8 /* Foundation.framework in Frameworks */ = {isa = PBXBuildFile; fileRef = F442861E188B5FD900C060B8 /* Foundation.framework */; };
		F4428629188B5FD900C060B8 /* main.m in Sources */ = {isa = PBXBuildFile; fileRef = F4428628188B5FD900C060B8 /* main.m */; };
/* End PBXBuildFile section */

/* Begin PBXFileReference section */
		F442861B188B5FD900C060B8 /* yopainstalld */ = {isa = PBXFileReference; explicitFileType = "compiled.mach-o.executable"; includeInIndex = 0; path = yopainstalld; sourceTree = BUILT_PRODUCTS_DIR; };
		F442861E188B5FD900C060B8 /* Foundation.framework */ = {isa = PBXFileReference; lastKnownFileType = wrapper.framework; name = Foundation.framework; path = System/Library/Frameworks/Foundation.framework; sourceTree = SDKROOT; };
		F4428623188B5FD900C060B8 /* control.txt */ = {isa = PBXFileReference; lastKnownFileType = text; name = control.txt; path = Package/DEBIAN/control.txt; sourceTree = "<group>"; };
		F4428624188B5FD900C060B8 /* control */ = {isa = PBXFileReference; lastKnownFileType = text; name = control; path = Package/DEBIAN/control; sourceTree = "<group>"; };
		F4428626188B5FD900C060B8 /* PackageVersion.plist */ = {isa = PBXFileReference; lastKnownFileType = text.plist.xml; path = PackageVersion.plist; sourceTree = "<group>"; };
		F4428627188B5FD900C060B8 /* yopainstalld-Prefix.pch */ = {isa = PBXFileReference; lastKnownFileType = sourcecode.c.h; path = "yopainstalld-Prefix.pch"; sourceTree = "<group>"; };
		F4428628188B5FD900C060B8 /* main.m */ = {isa = PBXFileReference; lastKnownFileType = sourcecode.c.objc; path = main.m; sourceTree = "<group>"; };
		F442862C188B5FD900C060B8 /* zorro.yopainstalld.plist */ = {isa = PBXFileReference; lastKnownFileType = text.plist.xml; name = zorro.yopainstalld.plist; path = Package/Library/LaunchDaemons/zorro.yopainstalld.plist; sourceTree = "<group>"; };
		F442862D188B5FD900C060B8 /* postinst */ = {isa = PBXFileReference; lastKnownFileType = text.script.sh; name = postinst; path = Package/DEBIAN/postinst; sourceTree = "<group>"; };
		F442862E188B5FD900C060B8 /* prerm */ = {isa = PBXFileReference; lastKnownFileType = text.script.sh; name = prerm; path = Package/DEBIAN/prerm; sourceTree = "<group>"; };
/* End PBXFileReference section */

/* Begin PBXFrameworksBuildPhase section */
		F4428617188B5FD900C060B8 /* Frameworks */ = {
			isa = PBXFrameworksBuildPhase;
			buildActionMask = 2147483647;
			files = (
				F442861F188B5FD900C060B8 /* Foundation.framework in Frameworks */,
			);
			runOnlyForDeploymentPostprocessing = 0;
		};
/* End PBXFrameworksBuildPhase section */

/* Begin PBXGroup section */
		F4428611188B5FD900C060B8 = {
			isa = PBXGroup;
			children = (
				F4428620188B5FD900C060B8 /* yopainstalld */,
				F442861D188B5FD900C060B8 /* Frameworks */,
				F442861C188B5FD900C060B8 /* Products */,
			);
			sourceTree = "<group>";
		};
		F442861C188B5FD900C060B8 /* Products */ = {
			isa = PBXGroup;
			children = (
				F442861B188B5FD900C060B8 /* yopainstalld */,
			);
			name = Products;
			sourceTree = "<group>";
		};
		F442861D188B5FD900C060B8 /* Frameworks */ = {
			isa = PBXGroup;
			children = (
				F442861E188B5FD900C060B8 /* Foundation.framework */,
			);
			name = Frameworks;
			sourceTree = "<group>";
		};
		F4428620188B5FD900C060B8 /* yopainstalld */ = {
			isa = PBXGroup;
			children = (
				F4428628188B5FD900C060B8 /* main.m */,
				F4428621188B5FD900C060B8 /* Package */,
				F4428625188B5FD900C060B8 /* Supporting Files */,
			);
			path = yopainstalld;
			sourceTree = "<group>";
		};
		F4428621188B5FD900C060B8 /* Package */ = {
			isa = PBXGroup;
			children = (
				F4428622188B5FD900C060B8 /* DEBIAN */,
				F442862A188B5FD900C060B8 /* Library */,
			);
			name = Package;
			sourceTree = "<group>";
		};
		F4428622188B5FD900C060B8 /* DEBIAN */ = {
			isa = PBXGroup;
			children = (
				F4428623188B5FD900C060B8 /* control.txt */,
				F4428624188B5FD900C060B8 /* control */,
				F442862D188B5FD900C060B8 /* postinst */,
				F442862E188B5FD900C060B8 /* prerm */,
			);
			name = DEBIAN;
			sourceTree = "<group>";
		};
		F4428625188B5FD900C060B8 /* Supporting Files */ = {
			isa = PBXGroup;
			children = (
				F4428626188B5FD900C060B8 /* PackageVersion.plist */,
				F4428627188B5FD900C060B8 /* yopainstalld-Prefix.pch */,
			);
			name = "Supporting Files";
			sourceTree = "<group>";
		};
		F442862A188B5FD900C060B8 /* Library */ = {
			isa = PBXGroup;
			children = (
				F442862B188B5FD900C060B8 /* LaunchDaemons */,
			);
			name = Library;
			sourceTree = "<group>";
		};
		F442862B188B5FD900C060B8 /* LaunchDaemons */ = {
			isa = PBXGroup;
			children = (
				F442862C188B5FD900C060B8 /* zorro.yopainstalld.plist */,
			);
			name = LaunchDaemons;
			sourceTree = "<group>";
		};
/* End PBXGroup section */

/* Begin PBXHeadersBuildPhase section */
		F4428618188B5FD900C060B8 /* Headers */ = {
			isa = PBXHeadersBuildPhase;
			buildActionMask = 2147483647;
			files = (
			);
			runOnlyForDeploymentPostprocessing = 0;
		};
/* End PBXHeadersBuildPhase section */

/* Begin PBXNativeTarget section */
		F442861A188B5FD900C060B8 /* yopainstalld */ = {
			isa = PBXNativeTarget;
			buildConfigurationList = F4428631188B5FD900C060B8 /* Build configuration list for PBXNativeTarget "yopainstalld" */;
			buildPhases = (
				F4428616188B5FD900C060B8 /* Sources */,
				F4428617188B5FD900C060B8 /* Frameworks */,
				F4428618188B5FD900C060B8 /* Headers */,
				F4428619188B5FD900C060B8 /* ShellScript */,
			);
			buildRules = (
			);
			dependencies = (
			);
			name = yopainstalld;
			productName = yopainstalld;
			productReference = F442861B188B5FD900C060B8 /* yopainstalld */;
			productType = "com.apple.product-type.tool";
		};
/* End PBXNativeTarget section */

/* Begin PBXProject section */
		F4428612188B5FD900C060B8 /* Project object */ = {
			isa = PBXProject;
			attributes = {
				LastUpgradeCheck = 0510;
			};
			buildConfigurationList = F4428615188B5FD900C060B8 /* Build configuration list for PBXProject "yopainstalld" */;
			compatibilityVersion = "Xcode 3.2";
			developmentRegion = English;
			hasScannedForEncodings = 0;
			knownRegions = (
				en,
			);
			mainGroup = F4428611188B5FD900C060B8;
			productRefGroup = F442861C188B5FD900C060B8 /* Products */;
			projectDirPath = "";
			projectRoot = "";
			targets = (
				F442861A188B5FD900C060B8 /* yopainstalld */,
			);
		};
/* End PBXProject section */

/* Begin PBXShellScriptBuildPhase section */
		F4428619188B5FD900C060B8 /* ShellScript */ = {
			isa = PBXShellScriptBuildPhase;
			buildActionMask = 2147483647;
			files = (
			);
			inputPaths = (
			);
			outputPaths = (
			);
			runOnlyForDeploymentPostprocessing = 0;
			shellPath = /bin/sh;
			shellScript = "/opt/iOSOpenDev/bin/iosod --xcbp";
		};
/* End PBXShellScriptBuildPhase section */

/* Begin PBXSourcesBuildPhase section */
		F4428616188B5FD900C060B8 /* Sources */ = {
			isa = PBXSourcesBuildPhase;
			buildActionMask = 2147483647;
			files = (
				F4428629188B5FD900C060B8 /* main.m in Sources */,
			);
			runOnlyForDeploymentPostprocessing = 0;
		};
/* End PBXSourcesBuildPhase section */

/* Begin XCBuildConfiguration section */
		F442862F188B5FD900C060B8 /* Debug */ = {
			isa = XCBuildConfiguration;
			buildSettings = {
				ARCHS = "$(ARCHS_STANDARD_INCLUDING_64_BIT)";
				CLANG_ENABLE_MODULES = YES;
				COPY_PHASE_STRIP = NO;
				EXCLUDED_RECURSIVE_SEARCH_PATH_SUBDIRECTORIES = "*.nib *.lproj *.gch (*) .DS_Store CVS .svn .git .hg *.xcodeproj *.xcode *.pbproj *.pbxproj";
				FRAMEWORK_SEARCH_PATHS = (
					"$(iOSOpenDevPath)/frameworks/**",
					"$(SDKROOT)/System/Library/PrivateFrameworks",
				);
				GCC_C_LANGUAGE_STANDARD = gnu99;
				GCC_DYNAMIC_NO_PIC = NO;
				GCC_OPTIMIZATION_LEVEL = 0;
				GCC_PREPROCESSOR_DEFINITIONS = (
					"DEBUG=1",
					"$(inherited)",
				);
				GCC_SYMBOLS_PRIVATE_EXTERN = NO;
				GCC_WARN_ABOUT_MISSING_PROTOTYPES = YES;
				GCC_WARN_ABOUT_RETURN_TYPE = YES;
				GCC_WARN_UNUSED_VARIABLE = YES;
				HEADER_SEARCH_PATHS = "$(iOSOpenDevPath)/include/**";
				IPHONEOS_DEPLOYMENT_TARGET = 7.1;
				LIBRARY_SEARCH_PATHS = "$(iOSOpenDevPath)/lib/**";
				ONLY_ACTIVE_ARCH = YES;
				SDKROOT = iphoneos;
				TARGETED_DEVICE_FAMILY = "1,2";
				VALIDATE_PRODUCT = NO;
				iOSOpenDevPath = /opt/iOSOpenDev;
			};
			name = Debug;
		};
		F4428630188B5FD900C060B8 /* Release */ = {
			isa = XCBuildConfiguration;
			buildSettings = {
				ARCHS = "$(ARCHS_STANDARD_INCLUDING_64_BIT)";
				CLANG_ENABLE_MODULES = YES;
				COPY_PHASE_STRIP = YES;
				EXCLUDED_RECURSIVE_SEARCH_PATH_SUBDIRECTORIES = "*.nib *.lproj *.gch (*) .DS_Store CVS .svn .git .hg *.xcodeproj *.xcode *.pbproj *.pbxproj";
				FRAMEWORK_SEARCH_PATHS = (
					"$(iOSOpenDevPath)/frameworks/**",
					"$(SDKROOT)/System/Library/PrivateFrameworks",
				);
				GCC_C_LANGUAGE_STANDARD = gnu99;
				GCC_WARN_ABOUT_MISSING_PROTOTYPES = YES;
				GCC_WARN_ABOUT_RETURN_TYPE = YES;
				GCC_WARN_UNUSED_VARIABLE = YES;
				HEADER_SEARCH_PATHS = "$(iOSOpenDevPath)/include/**";
				IPHONEOS_DEPLOYMENT_TARGET = 7.1;
				LIBRARY_SEARCH_PATHS = "$(iOSOpenDevPath)/lib/**";
				SDKROOT = iphoneos;
				TARGETED_DEVICE_FAMILY = "1,2";
				VALIDATE_PRODUCT = YES;
				iOSOpenDevPath = /opt/iOSOpenDev;
			};
			name = Release;
		};
		F4428632188B5FD900C060B8 /* Debug */ = {
			isa = XCBuildConfiguration;
			buildSettings = {
				CODE_SIGN_IDENTITY = "";
				GCC_PRECOMPILE_PREFIX_HEADER = YES;
				GCC_PREFIX_HEADER = "yopainstalld/yopainstalld-Prefix.pch";
				INSTALL_PATH = /usr/bin;
				PRODUCT_NAME = "$(TARGET_NAME)";
				iOSOpenDevBuildPackageOnAnyBuild = NO;
				iOSOpenDevCopyOnBuild = NO;
				iOSOpenDevDevice = "";
				iOSOpenDevInstallOnAnyBuild = NO;
				iOSOpenDevInstallOnProfiling = YES;
				iOSOpenDevRespringOnInstall = YES;
				iOSOpenDevUsePackageVersionPList = YES;
			};
			name = Debug;
		};
		F4428633188B5FD900C060B8 /* Release */ = {
			isa = XCBuildConfiguration;
			buildSettings = {
				CODE_SIGN_IDENTITY = "";
				GCC_PRECOMPILE_PREFIX_HEADER = YES;
				GCC_PREFIX_HEADER = "yopainstalld/yopainstalld-Prefix.pch";
				INSTALL_PATH = /usr/bin;
				PRODUCT_NAME = "$(TARGET_NAME)";
				iOSOpenDevBuildPackageOnAnyBuild = NO;
				iOSOpenDevCopyOnBuild = NO;
				iOSOpenDevDevice = "";
				iOSOpenDevInstallOnAnyBuild = NO;
				iOSOpenDevInstallOnProfiling = YES;
				iOSOpenDevRespringOnInstall = YES;
				iOSOpenDevUsePackageVersionPList = YES;
			};
			name = Release;
		};
/* End XCBuildConfiguration section */

/* Begin XCConfigurationList section */
		F4428615188B5FD900C060B8 /* Build configuration list for PBXProject "yopainstalld" */ = {
			isa = XCConfigurationList;
			buildConfigurations = (
				F442862F188B5FD900C060B8 /* Debug */,
				F4428630188B5FD900C060B8 /* Release */,
			);
			defaultConfigurationIsVisible = 0;
			defaultConfigurationName = Release;
		};
		F4428631188B5FD900C060B8 /* Build configuration list for PBXNativeTarget "yopainstalld" */ = {
			isa = XCConfigurationList;
			buildConfigurations = (
				F4428632188B5FD900C060B8 /* Debug */,
				F4428633188B5FD900C060B8 /* Release */,
			);
			defaultConfigurationIsVisible = 0;
		};
/* End XCConfigurationList section */
	};
	rootObject = F4428612188B5FD900C060B8 /* Project object */;
}
